
Microsoft Visual Studio Solution File, Format Version 12.00
# Visual Studio 15
VisualStudioVersion = 15.0.27004.2010
MinimumVisualStudioVersion = 10.0.40219.1
Project("{F184B08F-C81C-45F6-A57F-5ABD9991F28F}") = "Vacation Distance Calculator", "Vacation Distance Calculator.vbproj", "{FFC6F516-6617-4280-AF09-4E66AB33E0F8}"
EndProject
Global
	GlobalSection(SolutionConfigurationPlatforms) = preSolution
		Debug|Any CPU = Debug|Any CPU
		Release|Any CPU = Release|Any CPU
	EndGlobalSection
	GlobalSection(ProjectConfigurationPlatforms) = postSolution
		{FFC6F516-6617-4280-AF09-4E66AB33E0F8}.Debug|Any CPU.ActiveCfg = Debug|Any CPU
		{FFC6F516-6617-4280-AF09-4E66AB33E0F8}.Debug|Any CPU.Build.0 = Debug|Any CPU
		{FFC6F516-6617-4280-AF09-4E66AB33E0F8}.Release|Any CPU.ActiveCfg = Release|Any CPU
		{FFC6F516-6617-4280-AF09-4E66AB33E0F8}.Release|Any CPU.Build.0 = Release|Any CPU
	EndGlobalSection
	GlobalSection(SolutionProperties) = preSolution
		HideSolutionNode = FALSE
	EndGlobalSection
	GlobalSection(ExtensibilityGlobals) = postSolution
		SolutionGuid = {AA0FDEBE-C5C0-47BF-BA3C-137ED9DB8F50}
	EndGlobalSection
EndGlobal
